
Microsoft Visual Studio Solution File, Format Version 12.00
# Visual Studio Version 17
VisualStudioVersion = 17.11.35208.52
MinimumVisualStudioVersion = 10.0.40219.1
Project("{FAE04EC0-301F-11D3-BF4B-00C04F79EFBC}") = "CodingTracker", "CodingTracker\CodingTracker.csproj", "{DBCACC8A-B9FE-44A0-B78C-FF447E51EC6A}"
EndProject
Global
	GlobalSection(SolutionConfigurationPlatforms) = preSolution
		Debug|Any CPU = Debug|Any CPU
		Release|Any CPU = Release|Any CPU
	EndGlobalSection
	GlobalSection(ProjectConfigurationPlatforms) = postSolution
		{DBCACC8A-B9FE-44A0-B78C-FF447E51EC6A}.Debug|Any CPU.ActiveCfg = Debug|Any CPU
		{DBCACC8A-B9FE-44A0-B78C-FF447E51EC6A}.Debug|Any CPU.Build.0 = Debug|Any CPU
		{DBCACC8A-B9FE-44A0-B78C-FF447E51EC6A}.Release|Any CPU.ActiveCfg = Release|Any CPU
		{DBCACC8A-B9FE-44A0-B78C-FF447E51EC6A}.Release|Any CPU.Build.0 = Release|Any CPU
	EndGlobalSection
	GlobalSection(SolutionProperties) = preSolution
		HideSolutionNode = FALSE
	EndGlobalSection
	GlobalSection(ExtensibilityGlobals) = postSolution
		SolutionGuid = {8640B1DD-D88D-47BD-950E-963897BF0C13}
	EndGlobalSection
EndGlobal
